// !$*UTF8*$!
{
	archiveVersion = 1;
	classes = {
	};
	objectVersion = 56;
	objects = {

/* Begin PBXBuildFile section */
		392220E22C60C5BE007BA3A7 /* AppDelegate.swift in Sources */ = {isa = PBXBuildFile; fileRef = 392220E12C60C5BE007BA3A7 /* AppDelegate.swift */; };
		392220E42C60C5BE007BA3A7 /* SceneDelegate.swift in Sources */ = {isa = PBXBuildFile; fileRef = 392220E32C60C5BE007BA3A7 /* SceneDelegate.swift */; };
		392220EB2C60C5C0007BA3A7 /* Assets.xcassets in Resources */ = {isa = PBXBuildFile; fileRef = 392220EA2C60C5C0007BA3A7 /* Assets.xcassets */; };
		392220EE2C60C5C0007BA3A7 /* LaunchScreen.storyboard in Resources */ = {isa = PBXBuildFile; fileRef = 392220EC2C60C5C0007BA3A7 /* LaunchScreen.storyboard */; };
		392220F72C60C5DB007BA3A7 /* Alamofire in Frameworks */ = {isa = PBXBuildFile; productRef = 392220F62C60C5DB007BA3A7 /* Alamofire */; };
		392220FA2C60C5F0007BA3A7 /* SnapKit in Frameworks */ = {isa = PBXBuildFile; productRef = 392220F92C60C5F0007BA3A7 /* SnapKit */; };
		392220FD2C60C601007BA3A7 /* Kingfisher in Frameworks */ = {isa = PBXBuildFile; productRef = 392220FC2C60C601007BA3A7 /* Kingfisher */; };
		392221042C60C67A007BA3A7 /* MovieListBuilder.swift in Sources */ = {isa = PBXBuildFile; fileRef = 392221032C60C67A007BA3A7 /* MovieListBuilder.swift */; };
		392221062C60C687007BA3A7 /* MovieListViewModel.swift in Sources */ = {isa = PBXBuildFile; fileRef = 392221052C60C687007BA3A7 /* MovieListViewModel.swift */; };
		392221082C60C6A0007BA3A7 /* MovieListVC.swift in Sources */ = {isa = PBXBuildFile; fileRef = 392221072C60C6A0007BA3A7 /* MovieListVC.swift */; };
		3922210C2C60C71F007BA3A7 /* MovieListModel.swift in Sources */ = {isa = PBXBuildFile; fileRef = 3922210B2C60C71F007BA3A7 /* MovieListModel.swift */; };
		3922210E2C60C7BF007BA3A7 /* Client.swift in Sources */ = {isa = PBXBuildFile; fileRef = 3922210D2C60C7BF007BA3A7 /* Client.swift */; };
		398667B72C64A06700BA1D01 /* MovieListDetailBuilder.swift in Sources */ = {isa = PBXBuildFile; fileRef = 398667B62C64A06700BA1D01 /* MovieListDetailBuilder.swift */; };
		398667B92C64A0D700BA1D01 /* MovieListDetailViewModel.swift in Sources */ = {isa = PBXBuildFile; fileRef = 398667B82C64A0D700BA1D01 /* MovieListDetailViewModel.swift */; };
		398667BB2C64A13A00BA1D01 /* MovieListDetailVC.swift in Sources */ = {isa = PBXBuildFile; fileRef = 398667BA2C64A13A00BA1D01 /* MovieListDetailVC.swift */; };
		398667BD2C64F50400BA1D01 /* MovieDetailModel.swift in Sources */ = {isa = PBXBuildFile; fileRef = 398667BC2C64F50400BA1D01 /* MovieDetailModel.swift */; };
		39D275152C623B8A00891FDC /* MovieListCollectionViewCell.swift in Sources */ = {isa = PBXBuildFile; fileRef = 39D275142C623B8A00891FDC /* MovieListCollectionViewCell.swift */; };
/* End PBXBuildFile section */

/* Begin PBXFileReference section */
		392220DE2C60C5BE007BA3A7 /* tmdbMovie.app */ = {isa = PBXFileReference; explicitFileType = wrapper.application; includeInIndex = 0; path = tmdbMovie.app; sourceTree = BUILT_PRODUCTS_DIR; };
		392220E12C60C5BE007BA3A7 /* AppDelegate.swift */ = {isa = PBXFileReference; lastKnownFileType = sourcecode.swift; path = AppDelegate.swift; sourceTree = "<group>"; };
		392220E32C60C5BE007BA3A7 /* SceneDelegate.swift */ = {isa = PBXFileReference; lastKnownFileType = sourcecode.swift; path = SceneDelegate.swift; sourceTree = "<group>"; };
		392220EA2C60C5C0007BA3A7 /* Assets.xcassets */ = {isa = PBXFileReference; lastKnownFileType = folder.assetcatalog; path = Assets.xcassets; sourceTree = "<group>"; };
		392220ED2C60C5C0007BA3A7 /* Base */ = {isa = PBXFileReference; lastKnownFileType = file.storyboard; name = Base; path = Base.lproj/LaunchScreen.storyboard; sourceTree = "<group>"; };
		392220EF2C60C5C0007BA3A7 /* Info.plist */ = {isa = PBXFileReference; lastKnownFileType = text.plist.xml; path = Info.plist; sourceTree = "<group>"; };
		392221032C60C67A007BA3A7 /* MovieListBuilder.swift */ = {isa = PBXFileReference; lastKnownFileType = sourcecode.swift; path = MovieListBuilder.swift; sourceTree = "<group>"; };
		392221052C60C687007BA3A7 /* MovieListViewModel.swift */ = {isa = PBXFileReference; lastKnownFileType = sourcecode.swift; path = MovieListViewModel.swift; sourceTree = "<group>"; };
		392221072C60C6A0007BA3A7 /* MovieListVC.swift */ = {isa = PBXFileReference; lastKnownFileType = sourcecode.swift; path = MovieListVC.swift; sourceTree = "<group>"; };
		3922210B2C60C71F007BA3A7 /* MovieListModel.swift */ = {isa = PBXFileReference; lastKnownFileType = sourcecode.swift; path = MovieListModel.swift; sourceTree = "<group>"; };
		3922210D2C60C7BF007BA3A7 /* Client.swift */ = {isa = PBXFileReference; lastKnownFileType = sourcecode.swift; path = Client.swift; sourceTree = "<group>"; };
		398667B62C64A06700BA1D01 /* MovieListDetailBuilder.swift */ = {isa = PBXFileReference; lastKnownFileType = sourcecode.swift; path = MovieListDetailBuilder.swift; sourceTree = "<group>"; };
		398667B82C64A0D700BA1D01 /* MovieListDetailViewModel.swift */ = {isa = PBXFileReference; lastKnownFileType = sourcecode.swift; path = MovieListDetailViewModel.swift; sourceTree = "<group>"; };
		398667BA2C64A13A00BA1D01 /* MovieListDetailVC.swift */ = {isa = PBXFileReference; lastKnownFileType = sourcecode.swift; path = MovieListDetailVC.swift; sourceTree = "<group>"; };
		398667BC2C64F50400BA1D01 /* MovieDetailModel.swift */ = {isa = PBXFileReference; lastKnownFileType = sourcecode.swift; path = MovieDetailModel.swift; sourceTree = "<group>"; };
		39D275142C623B8A00891FDC /* MovieListCollectionViewCell.swift */ = {isa = PBXFileReference; lastKnownFileType = sourcecode.swift; path = MovieListCollectionViewCell.swift; sourceTree = "<group>"; };
/* End PBXFileReference section */

/* Begin PBXFrameworksBuildPhase section */
		392220DB2C60C5BE007BA3A7 /* Frameworks */ = {
			isa = PBXFrameworksBuildPhase;
			buildActionMask = 2147483647;
			files = (
				392220FD2C60C601007BA3A7 /* Kingfisher in Frameworks */,
				392220F72C60C5DB007BA3A7 /* Alamofire in Frameworks */,
				392220FA2C60C5F0007BA3A7 /* SnapKit in Frameworks */,
			);
			runOnlyForDeploymentPostprocessing = 0;
		};
/* End PBXFrameworksBuildPhase section */

/* Begin PBXGroup section */
		392220D52C60C5BE007BA3A7 = {
			isa = PBXGroup;
			children = (
				392220E02C60C5BE007BA3A7 /* tmdbMovie */,
				392220DF2C60C5BE007BA3A7 /* Products */,
			);
			sourceTree = "<group>";
		};
		392220DF2C60C5BE007BA3A7 /* Products */ = {
			isa = PBXGroup;
			children = (
				392220DE2C60C5BE007BA3A7 /* tmdbMovie.app */,
			);
			name = Products;
			sourceTree = "<group>";
		};
		392220E02C60C5BE007BA3A7 /* tmdbMovie */ = {
			isa = PBXGroup;
			children = (
				39D275112C623ADC00891FDC /* Extentions */,
				392221092C60C6CB007BA3A7 /* Entity */,
				392221002C60C64B007BA3A7 /* Screens */,
				392220FF2C60C60E007BA3A7 /* Supporting Files */,
				392220FE2C60C606007BA3A7 /* Core */,
			);
			path = tmdbMovie;
			sourceTree = "<group>";
		};
		392220FE2C60C606007BA3A7 /* Core */ = {
			isa = PBXGroup;
			children = (
				392220E32C60C5BE007BA3A7 /* SceneDelegate.swift */,
				392220E12C60C5BE007BA3A7 /* AppDelegate.swift */,
			);
			path = Core;
			sourceTree = "<group>";
		};
		392220FF2C60C60E007BA3A7 /* Supporting Files */ = {
			isa = PBXGroup;
			children = (
				392220EF2C60C5C0007BA3A7 /* Info.plist */,
				392220EC2C60C5C0007BA3A7 /* LaunchScreen.storyboard */,
				392220EA2C60C5C0007BA3A7 /* Assets.xcassets */,
			);
			path = "Supporting Files";
			sourceTree = "<group>";
		};
		392221002C60C64B007BA3A7 /* Screens */ = {
			isa = PBXGroup;
			children = (
				398667B52C649F3D00BA1D01 /* MovieListDetail */,
				392221012C60C65B007BA3A7 /* MovieList */,
			);
			path = Screens;
			sourceTree = "<group>";
		};
		392221012C60C65B007BA3A7 /* MovieList */ = {
			isa = PBXGroup;
			children = (
				392221032C60C67A007BA3A7 /* MovieListBuilder.swift */,
				392221052C60C687007BA3A7 /* MovieListViewModel.swift */,
				392221072C60C6A0007BA3A7 /* MovieListVC.swift */,
				392221022C60C664007BA3A7 /* Cell */,
			);
			path = MovieList;
			sourceTree = "<group>";
		};
		392221022C60C664007BA3A7 /* Cell */ = {
			isa = PBXGroup;
			children = (
				39D275142C623B8A00891FDC /* MovieListCollectionViewCell.swift */,
			);
			path = Cell;
			sourceTree = "<group>";
		};
		392221092C60C6CB007BA3A7 /* Entity */ = {
			isa = PBXGroup;
			children = (
				3922210B2C60C71F007BA3A7 /* MovieListModel.swift */,
				398667BC2C64F50400BA1D01 /* MovieDetailModel.swift */,
				3922210A2C60C6D1007BA3A7 /* Network */,
			);
			path = Entity;
			sourceTree = "<group>";
		};
		3922210A2C60C6D1007BA3A7 /* Network */ = {
			isa = PBXGroup;
			children = (
				3922210D2C60C7BF007BA3A7 /* Client.swift */,
			);
			path = Network;
			sourceTree = "<group>";
		};
		398667B52C649F3D00BA1D01 /* MovieListDetail */ = {
			isa = PBXGroup;
			children = (
				398667B62C64A06700BA1D01 /* MovieListDetailBuilder.swift */,
				398667B82C64A0D700BA1D01 /* MovieListDetailViewModel.swift */,
				398667BA2C64A13A00BA1D01 /* MovieListDetailVC.swift */,
			);
			path = MovieListDetail;
			sourceTree = "<group>";
		};
		39D275112C623ADC00891FDC /* Extentions */ = {
			isa = PBXGroup;
			children = (
			);
			path = Extentions;
			sourceTree = "<group>";
		};
/* End PBXGroup section */

/* Begin PBXNativeTarget section */
		392220DD2C60C5BE007BA3A7 /* tmdbMovie */ = {
			isa = PBXNativeTarget;
			buildConfigurationList = 392220F22C60C5C0007BA3A7 /* Build configuration list for PBXNativeTarget "tmdbMovie" */;
			buildPhases = (
				392220DA2C60C5BE007BA3A7 /* Sources */,
				392220DB2C60C5BE007BA3A7 /* Frameworks */,
				392220DC2C60C5BE007BA3A7 /* Resources */,
			);
			buildRules = (
			);
			dependencies = (
			);
			name = tmdbMovie;
			packageProductDependencies = (
				392220F62C60C5DB007BA3A7 /* Alamofire */,
				392220F92C60C5F0007BA3A7 /* SnapKit */,
				392220FC2C60C601007BA3A7 /* Kingfisher */,
			);
			productName = tmdbMovie;
			productReference = 392220DE2C60C5BE007BA3A7 /* tmdbMovie.app */;
			productType = "com.apple.product-type.application";
		};
/* End PBXNativeTarget section */

/* Begin PBXProject section */
		392220D62C60C5BE007BA3A7 /* Project object */ = {
			isa = PBXProject;
			attributes = {
				BuildIndependentTargetsInParallel = 1;
				LastSwiftUpdateCheck = 1400;
				LastUpgradeCheck = 1400;
				TargetAttributes = {
					392220DD2C60C5BE007BA3A7 = {
						CreatedOnToolsVersion = 14.0;
					};
				};
			};
			buildConfigurationList = 392220D92C60C5BE007BA3A7 /* Build configuration list for PBXProject "tmdbMovie" */;
			compatibilityVersion = "Xcode 14.0";
			developmentRegion = en;
			hasScannedForEncodings = 0;
			knownRegions = (
				en,
				Base,
			);
			mainGroup = 392220D52C60C5BE007BA3A7;
			packageReferences = (
				392220F52C60C5DB007BA3A7 /* XCRemoteSwiftPackageReference "Alamofire" */,
				392220F82C60C5F0007BA3A7 /* XCRemoteSwiftPackageReference "SnapKit" */,
				392220FB2C60C601007BA3A7 /* XCRemoteSwiftPackageReference "Kingfisher" */,
			);
			productRefGroup = 392220DF2C60C5BE007BA3A7 /* Products */;
			projectDirPath = "";
			projectRoot = "";
			targets = (
				392220DD2C60C5BE007BA3A7 /* tmdbMovie */,
			);
		};
/* End PBXProject section */

/* Begin PBXResourcesBuildPhase section */
		392220DC2C60C5BE007BA3A7 /* Resources */ = {
			isa = PBXResourcesBuildPhase;
			buildActionMask = 2147483647;
			files = (
				392220EE2C60C5C0007BA3A7 /* LaunchScreen.storyboard in Resources */,
				392220EB2C60C5C0007BA3A7 /* Assets.xcassets in Resources */,
			);
			runOnlyForDeploymentPostprocessing = 0;
		};
/* End PBXResourcesBuildPhase section */

/* Begin PBXSourcesBuildPhase section */
		392220DA2C60C5BE007BA3A7 /* Sources */ = {
			isa = PBXSourcesBuildPhase;
			buildActionMask = 2147483647;
			files = (
				398667B92C64A0D700BA1D01 /* MovieListDetailViewModel.swift in Sources */,
				398667BD2C64F50400BA1D01 /* MovieDetailModel.swift in Sources */,
				3922210C2C60C71F007BA3A7 /* MovieListModel.swift in Sources */,
				398667BB2C64A13A00BA1D01 /* MovieListDetailVC.swift in Sources */,
				3922210E2C60C7BF007BA3A7 /* Client.swift in Sources */,
				398667B72C64A06700BA1D01 /* MovieListDetailBuilder.swift in Sources */,
				392220E22C60C5BE007BA3A7 /* AppDelegate.swift in Sources */,
				392221042C60C67A007BA3A7 /* MovieListBuilder.swift in Sources */,
				392220E42C60C5BE007BA3A7 /* SceneDelegate.swift in Sources */,
				39D275152C623B8A00891FDC /* MovieListCollectionViewCell.swift in Sources */,
				392221082C60C6A0007BA3A7 /* MovieListVC.swift in Sources */,
				392221062C60C687007BA3A7 /* MovieListViewModel.swift in Sources */,
			);
			runOnlyForDeploymentPostprocessing = 0;
		};
/* End PBXSourcesBuildPhase section */

/* Begin PBXVariantGroup section */
		392220EC2C60C5C0007BA3A7 /* LaunchScreen.storyboard */ = {
			isa = PBXVariantGroup;
			children = (
				392220ED2C60C5C0007BA3A7 /* Base */,
			);
			name = LaunchScreen.storyboard;
			sourceTree = "<group>";
		};
/* End PBXVariantGroup section */

/* Begin XCBuildConfiguration section */
		392220F02C60C5C0007BA3A7 /* Debug */ = {
			isa = XCBuildConfiguration;
			buildSettings = {
				ALWAYS_SEARCH_USER_PATHS = NO;
				CLANG_ANALYZER_NONNULL = YES;
				CLANG_ANALYZER_NUMBER_OBJECT_CONVERSION = YES_AGGRESSIVE;
				CLANG_CXX_LANGUAGE_STANDARD = "gnu++20";
				CLANG_ENABLE_MODULES = YES;
				CLANG_ENABLE_OBJC_ARC = YES;
				CLANG_ENABLE_OBJC_WEAK = YES;
				CLANG_WARN_BLOCK_CAPTURE_AUTORELEASING = YES;
				CLANG_WARN_BOOL_CONVERSION = YES;
				CLANG_WARN_COMMA = YES;
				CLANG_WARN_CONSTANT_CONVERSION = YES;
				CLANG_WARN_DEPRECATED_OBJC_IMPLEMENTATIONS = YES;
				CLANG_WARN_DIRECT_OBJC_ISA_USAGE = YES_ERROR;
				CLANG_WARN_DOCUMENTATION_COMMENTS = YES;
				CLANG_WARN_EMPTY_BODY = YES;
				CLANG_WARN_ENUM_CONVERSION = YES;
				CLANG_WARN_INFINITE_RECURSION = YES;
				CLANG_WARN_INT_CONVERSION = YES;
				CLANG_WARN_NON_LITERAL_NULL_CONVERSION = YES;
				CLANG_WARN_OBJC_IMPLICIT_RETAIN_SELF = YES;
				CLANG_WARN_OBJC_LITERAL_CONVERSION = YES;
				CLANG_WARN_OBJC_ROOT_CLASS = YES_ERROR;
				CLANG_WARN_QUOTED_INCLUDE_IN_FRAMEWORK_HEADER = YES;
				CLANG_WARN_RANGE_LOOP_ANALYSIS = YES;
				CLANG_WARN_STRICT_PROTOTYPES = YES;
				CLANG_WARN_SUSPICIOUS_MOVE = YES;
				CLANG_WARN_UNGUARDED_AVAILABILITY = YES_AGGRESSIVE;
				CLANG_WARN_UNREACHABLE_CODE = YES;
				CLANG_WARN__DUPLICATE_METHOD_MATCH = YES;
				COPY_PHASE_STRIP = NO;
				DEBUG_INFORMATION_FORMAT = dwarf;
				ENABLE_STRICT_OBJC_MSGSEND = YES;
				ENABLE_TESTABILITY = YES;
				GCC_C_LANGUAGE_STANDARD = gnu11;
				GCC_DYNAMIC_NO_PIC = NO;
				GCC_NO_COMMON_BLOCKS = YES;
				GCC_OPTIMIZATION_LEVEL = 0;
				GCC_PREPROCESSOR_DEFINITIONS = (
					"DEBUG=1",
					"$(inherited)",
				);
				GCC_WARN_64_TO_32_BIT_CONVERSION = YES;
				GCC_WARN_ABOUT_RETURN_TYPE = YES_ERROR;
				GCC_WARN_UNDECLARED_SELECTOR = YES;
				GCC_WARN_UNINITIALIZED_AUTOS = YES_AGGRESSIVE;
				GCC_WARN_UNUSED_FUNCTION = YES;
				GCC_WARN_UNUSED_VARIABLE = YES;
				IPHONEOS_DEPLOYMENT_TARGET = 14.3;
				MTL_ENABLE_DEBUG_INFO = INCLUDE_SOURCE;
				MTL_FAST_MATH = YES;
				ONLY_ACTIVE_ARCH = YES;
				SDKROOT = iphoneos;
				SWIFT_ACTIVE_COMPILATION_CONDITIONS = DEBUG;
				SWIFT_OPTIMIZATION_LEVEL = "-Onone";
			};
			name = Debug;
		};
		392220F12C60C5C0007BA3A7 /* Release */ = {
			isa = XCBuildConfiguration;
			buildSettings = {
				ALWAYS_SEARCH_USER_PATHS = NO;
				CLANG_ANALYZER_NONNULL = YES;
				CLANG_ANALYZER_NUMBER_OBJECT_CONVERSION = YES_AGGRESSIVE;
				CLANG_CXX_LANGUAGE_STANDARD = "gnu++20";
				CLANG_ENABLE_MODULES = YES;
				CLANG_ENABLE_OBJC_ARC = YES;
				CLANG_ENABLE_OBJC_WEAK = YES;
				CLANG_WARN_BLOCK_CAPTURE_AUTORELEASING = YES;
				CLANG_WARN_BOOL_CONVERSION = YES;
				CLANG_WARN_COMMA = YES;
				CLANG_WARN_CONSTANT_CONVERSION = YES;
				CLANG_WARN_DEPRECATED_OBJC_IMPLEMENTATIONS = YES;
				CLANG_WARN_DIRECT_OBJC_ISA_USAGE = YES_ERROR;
				CLANG_WARN_DOCUMENTATION_COMMENTS = YES;
				CLANG_WARN_EMPTY_BODY = YES;
				CLANG_WARN_ENUM_CONVERSION = YES;
				CLANG_WARN_INFINITE_RECURSION = YES;
				CLANG_WARN_INT_CONVERSION = YES;
				CLANG_WARN_NON_LITERAL_NULL_CONVERSION = YES;
				CLANG_WARN_OBJC_IMPLICIT_RETAIN_SELF = YES;
				CLANG_WARN_OBJC_LITERAL_CONVERSION = YES;
				CLANG_WARN_OBJC_ROOT_CLASS = YES_ERROR;
				CLANG_WARN_QUOTED_INCLUDE_IN_FRAMEWORK_HEADER = YES;
				CLANG_WARN_RANGE_LOOP_ANALYSIS = YES;
				CLANG_WARN_STRICT_PROTOTYPES = YES;
				CLANG_WARN_SUSPICIOUS_MOVE = YES;
				CLANG_WARN_UNGUARDED_AVAILABILITY = YES_AGGRESSIVE;
				CLANG_WARN_UNREACHABLE_CODE = YES;
				CLANG_WARN__DUPLICATE_METHOD_MATCH = YES;
				COPY_PHASE_STRIP = NO;
				DEBUG_INFORMATION_FORMAT = "dwarf-with-dsym";
				ENABLE_NS_ASSERTIONS = NO;
				ENABLE_STRICT_OBJC_MSGSEND = YES;
				GCC_C_LANGUAGE_STANDARD = gnu11;
				GCC_NO_COMMON_BLOCKS = YES;
				GCC_WARN_64_TO_32_BIT_CONVERSION = YES;
				GCC_WARN_ABOUT_RETURN_TYPE = YES_ERROR;
				GCC_WARN_UNDECLARED_SELECTOR = YES;
				GCC_WARN_UNINITIALIZED_AUTOS = YES_AGGRESSIVE;
				GCC_WARN_UNUSED_FUNCTION = YES;
				GCC_WARN_UNUSED_VARIABLE = YES;
				IPHONEOS_DEPLOYMENT_TARGET = 14.3;
				MTL_ENABLE_DEBUG_INFO = NO;
				MTL_FAST_MATH = YES;
				SDKROOT = iphoneos;
				SWIFT_COMPILATION_MODE = wholemodule;
				SWIFT_OPTIMIZATION_LEVEL = "-O";
				VALIDATE_PRODUCT = YES;
			};
			name = Release;
		};
		392220F32C60C5C0007BA3A7 /* Debug */ = {
			isa = XCBuildConfiguration;
			buildSettings = {
				ASSETCATALOG_COMPILER_APPICON_NAME = AppIcon;
				ASSETCATALOG_COMPILER_GLOBAL_ACCENT_COLOR_NAME = AccentColor;
				CODE_SIGN_STYLE = Automatic;
				CURRENT_PROJECT_VERSION = 1;
				DEVELOPMENT_TEAM = PN7U7592HC;
				GENERATE_INFOPLIST_FILE = YES;
				INFOPLIST_FILE = "tmdbMovie/Supporting Files/Info.plist";
				INFOPLIST_KEY_UIApplicationSupportsIndirectInputEvents = YES;
				INFOPLIST_KEY_UILaunchStoryboardName = LaunchScreen;
				INFOPLIST_KEY_UISupportedInterfaceOrientations_iPad = "UIInterfaceOrientationPortrait UIInterfaceOrientationPortraitUpsideDown UIInterfaceOrientationLandscapeLeft UIInterfaceOrientationLandscapeRight";
				INFOPLIST_KEY_UISupportedInterfaceOrientations_iPhone = "UIInterfaceOrientationPortrait UIInterfaceOrientationLandscapeLeft UIInterfaceOrientationLandscapeRight";
				LD_RUNPATH_SEARCH_PATHS = (
					"$(inherited)",
					"@executable_path/Frameworks",
				);
				MARKETING_VERSION = 1.0;
				PRODUCT_BUNDLE_IDENTIFIER = com.tmdbMovie;
				PRODUCT_NAME = "$(TARGET_NAME)";
				SWIFT_EMIT_LOC_STRINGS = YES;
				SWIFT_VERSION = 5.0;
				TARGETED_DEVICE_FAMILY = "1,2";
			};
			name = Debug;
		};
		392220F42C60C5C0007BA3A7 /* Release */ = {
			isa = XCBuildConfiguration;
			buildSettings = {
				ASSETCATALOG_COMPILER_APPICON_NAME = AppIcon;
				ASSETCATALOG_COMPILER_GLOBAL_ACCENT_COLOR_NAME = AccentColor;
				CODE_SIGN_STYLE = Automatic;
				CURRENT_PROJECT_VERSION = 1;
				DEVELOPMENT_TEAM = PN7U7592HC;
				GENERATE_INFOPLIST_FILE = YES;
				INFOPLIST_FILE = "tmdbMovie/Supporting Files/Info.plist";
				INFOPLIST_KEY_UIApplicationSupportsIndirectInputEvents = YES;
				INFOPLIST_KEY_UILaunchStoryboardName = LaunchScreen;
				INFOPLIST_KEY_UISupportedInterfaceOrientations_iPad = "UIInterfaceOrientationPortrait UIInterfaceOrientationPortraitUpsideDown UIInterfaceOrientationLandscapeLeft UIInterfaceOrientationLandscapeRight";
				INFOPLIST_KEY_UISupportedInterfaceOrientations_iPhone = "UIInterfaceOrientationPortrait UIInterfaceOrientationLandscapeLeft UIInterfaceOrientationLandscapeRight";
				LD_RUNPATH_SEARCH_PATHS = (
					"$(inherited)",
					"@executable_path/Frameworks",
				);
				MARKETING_VERSION = 1.0;
				PRODUCT_BUNDLE_IDENTIFIER = com.tmdbMovie;
				PRODUCT_NAME = "$(TARGET_NAME)";
				SWIFT_EMIT_LOC_STRINGS = YES;
				SWIFT_VERSION = 5.0;
				TARGETED_DEVICE_FAMILY = "1,2";
			};
			name = Release;
		};
/* End XCBuildConfiguration section */

/* Begin XCConfigurationList section */
		392220D92C60C5BE007BA3A7 /* Build configuration list for PBXProject "tmdbMovie" */ = {
			isa = XCConfigurationList;
			buildConfigurations = (
				392220F02C60C5C0007BA3A7 /* Debug */,
				392220F12C60C5C0007BA3A7 /* Release */,
			);
			defaultConfigurationIsVisible = 0;
			defaultConfigurationName = Release;
		};
		392220F22C60C5C0007BA3A7 /* Build configuration list for PBXNativeTarget "tmdbMovie" */ = {
			isa = XCConfigurationList;
			buildConfigurations = (
				392220F32C60C5C0007BA3A7 /* Debug */,
				392220F42C60C5C0007BA3A7 /* Release */,
			);
			defaultConfigurationIsVisible = 0;
			defaultConfigurationName = Release;
		};
/* End XCConfigurationList section */

/* Begin XCRemoteSwiftPackageReference section */
		392220F52C60C5DB007BA3A7 /* XCRemoteSwiftPackageReference "Alamofire" */ = {
			isa = XCRemoteSwiftPackageReference;
			repositoryURL = "https://github.com/Alamofire/Alamofire.git";
			requirement = {
				kind = upToNextMajorVersion;
				minimumVersion = 5.0.0;
			};
		};
		392220F82C60C5F0007BA3A7 /* XCRemoteSwiftPackageReference "SnapKit" */ = {
			isa = XCRemoteSwiftPackageReference;
			repositoryURL = "https://github.com/SnapKit/SnapKit.git";
			requirement = {
				kind = upToNextMajorVersion;
				minimumVersion = 5.0.0;
			};
		};
		392220FB2C60C601007BA3A7 /* XCRemoteSwiftPackageReference "Kingfisher" */ = {
			isa = XCRemoteSwiftPackageReference;
			repositoryURL = "http://github.com/onevcat/Kingfisher.git";
			requirement = {
				kind = upToNextMajorVersion;
				minimumVersion = 7.0.0;
			};
		};
/* End XCRemoteSwiftPackageReference section */

/* Begin XCSwiftPackageProductDependency section */
		392220F62C60C5DB007BA3A7 /* Alamofire */ = {
			isa = XCSwiftPackageProductDependency;
			package = 392220F52C60C5DB007BA3A7 /* XCRemoteSwiftPackageReference "Alamofire" */;
			productName = Alamofire;
		};
		392220F92C60C5F0007BA3A7 /* SnapKit */ = {
			isa = XCSwiftPackageProductDependency;
			package = 392220F82C60C5F0007BA3A7 /* XCRemoteSwiftPackageReference "SnapKit" */;
			productName = SnapKit;
		};
		392220FC2C60C601007BA3A7 /* Kingfisher */ = {
			isa = XCSwiftPackageProductDependency;
			package = 392220FB2C60C601007BA3A7 /* XCRemoteSwiftPackageReference "Kingfisher" */;
			productName = Kingfisher;
		};
/* End XCSwiftPackageProductDependency section */
	};
	rootObject = 392220D62C60C5BE007BA3A7 /* Project object */;
}
